
Microsoft Visual Studio Solution File, Format Version 12.00
# Visual Studio Version 16
VisualStudioVersion = 16.0.29911.84
MinimumVisualStudioVersion = 10.0.40219.1
Project("{2150E333-8FDC-42A3-9474-1A3956D46DE8}") = "Sulution Items", "Sulution Items", "{A19D3A7B-C268-481B-8AB6-BF264FD51B63}"
	ProjectSection(SolutionItems) = preProject
		.gitignore = .gitignore
		CHANGELOG.md = CHANGELOG.md
		README.md = README.md
	EndProjectSection
EndProject
Project("{9A19103F-16F7-4668-BE54-9A1E7A4F7556}") = "DotNet.Testing.AutoMoqFixture", "src\DotNet.Testing.AutoMoqFixture\DotNet.Testing.AutoMoqFixture.csproj", "{33CBCB27-A17E-4877-9616-65A9A9454550}"
EndProject
Project("{9A19103F-16F7-4668-BE54-9A1E7A4F7556}") = "TestImplementation", "src\TestImplementation\TestImplementation.csproj", "{3326E670-70F6-4544-86FB-E99E3385574E}"
EndProject
Global
	GlobalSection(SolutionConfigurationPlatforms) = preSolution
		Debug|Any CPU = Debug|Any CPU
		Release|Any CPU = Release|Any CPU
	EndGlobalSection
	GlobalSection(ProjectConfigurationPlatforms) = postSolution
		{33CBCB27-A17E-4877-9616-65A9A9454550}.Debug|Any CPU.ActiveCfg = Debug|Any CPU
		{33CBCB27-A17E-4877-9616-65A9A9454550}.Debug|Any CPU.Build.0 = Debug|Any CPU
		{33CBCB27-A17E-4877-9616-65A9A9454550}.Release|Any CPU.ActiveCfg = Release|Any CPU
		{33CBCB27-A17E-4877-9616-65A9A9454550}.Release|Any CPU.Build.0 = Release|Any CPU
		{3326E670-70F6-4544-86FB-E99E3385574E}.Debug|Any CPU.ActiveCfg = Debug|Any CPU
		{3326E670-70F6-4544-86FB-E99E3385574E}.Debug|Any CPU.Build.0 = Debug|Any CPU
		{3326E670-70F6-4544-86FB-E99E3385574E}.Release|Any CPU.ActiveCfg = Release|Any CPU
		{3326E670-70F6-4544-86FB-E99E3385574E}.Release|Any CPU.Build.0 = Release|Any CPU
	EndGlobalSection
	GlobalSection(SolutionProperties) = preSolution
		HideSolutionNode = FALSE
	EndGlobalSection
	GlobalSection(ExtensibilityGlobals) = postSolution
		SolutionGuid = {74308C0F-9277-43F1-B6CD-21465E51342E}
	EndGlobalSection
EndGlobal
